
Microsoft Visual Studio Solution File, Format Version 12.00
# Visual Studio Version 17
VisualStudioVersion = 17.3.32929.385
MinimumVisualStudioVersion = 10.0.40219.1
Project("{9A19103F-16F7-4668-BE54-9A1E7A4F7556}") = "CKK.Logic", "CKK.Logic\CKK.Logic.csproj", "{59B8C9DF-7D78-4B12-8383-55B1C0A9560B}"
EndProject
Project("{9A19103F-16F7-4668-BE54-9A1E7A4F7556}") = "CKK.tests", "CKK.tests\CKK.tests.csproj", "{D814B9FD-0455-40B1-B0A6-FF7594C327E7}"
EndProject
Project("{FAE04EC0-301F-11D3-BF4B-00C04F79EFBC}") = "CKK.UI", "CKK.UI\CKK.UI.csproj", "{EAA42D88-3569-487D-9445-83C60D2DF024}"
EndProject
Global
	GlobalSection(SolutionConfigurationPlatforms) = preSolution
		Debug|Any CPU = Debug|Any CPU
		Release|Any CPU = Release|Any CPU
	EndGlobalSection
	GlobalSection(ProjectConfigurationPlatforms) = postSolution
		{59B8C9DF-7D78-4B12-8383-55B1C0A9560B}.Debug|Any CPU.ActiveCfg = Debug|Any CPU
		{59B8C9DF-7D78-4B12-8383-55B1C0A9560B}.Debug|Any CPU.Build.0 = Debug|Any CPU
		{59B8C9DF-7D78-4B12-8383-55B1C0A9560B}.Release|Any CPU.ActiveCfg = Release|Any CPU
		{59B8C9DF-7D78-4B12-8383-55B1C0A9560B}.Release|Any CPU.Build.0 = Release|Any CPU
		{D814B9FD-0455-40B1-B0A6-FF7594C327E7}.Debug|Any CPU.ActiveCfg = Debug|Any CPU
		{D814B9FD-0455-40B1-B0A6-FF7594C327E7}.Debug|Any CPU.Build.0 = Debug|Any CPU
		{D814B9FD-0455-40B1-B0A6-FF7594C327E7}.Release|Any CPU.ActiveCfg = Release|Any CPU
		{D814B9FD-0455-40B1-B0A6-FF7594C327E7}.Release|Any CPU.Build.0 = Release|Any CPU
		{EAA42D88-3569-487D-9445-83C60D2DF024}.Debug|Any CPU.ActiveCfg = Debug|Any CPU
		{EAA42D88-3569-487D-9445-83C60D2DF024}.Debug|Any CPU.Build.0 = Debug|Any CPU
		{EAA42D88-3569-487D-9445-83C60D2DF024}.Release|Any CPU.ActiveCfg = Release|Any CPU
		{EAA42D88-3569-487D-9445-83C60D2DF024}.Release|Any CPU.Build.0 = Release|Any CPU
	EndGlobalSection
	GlobalSection(SolutionProperties) = preSolution
		HideSolutionNode = FALSE
	EndGlobalSection
	GlobalSection(ExtensibilityGlobals) = postSolution
		SolutionGuid = {7CDFA881-8891-4221-A142-C4F7C3453226}
	EndGlobalSection
EndGlobal
